
Microsoft Visual Studio Solution File, Format Version 12.00
# Visual Studio Version 17
VisualStudioVersion = 17.8.34330.188
MinimumVisualStudioVersion = 10.0.40219.1
Project("{FAE04EC0-301F-11D3-BF4B-00C04F79EFBC}") = "InvoiceGenerator", "InvoiceGenerator\InvoiceGenerator.csproj", "{167FEA62-1FAD-4CAB-BCE3-6E0FC402B377}"
EndProject
Global
	GlobalSection(SolutionConfigurationPlatforms) = preSolution
		Debug|Any CPU = Debug|Any CPU
		Release|Any CPU = Release|Any CPU
	EndGlobalSection
	GlobalSection(ProjectConfigurationPlatforms) = postSolution
		{167FEA62-1FAD-4CAB-BCE3-6E0FC402B377}.Debug|Any CPU.ActiveCfg = Debug|Any CPU
		{167FEA62-1FAD-4CAB-BCE3-6E0FC402B377}.Debug|Any CPU.Build.0 = Debug|Any CPU
		{167FEA62-1FAD-4CAB-BCE3-6E0FC402B377}.Release|Any CPU.ActiveCfg = Release|Any CPU
		{167FEA62-1FAD-4CAB-BCE3-6E0FC402B377}.Release|Any CPU.Build.0 = Release|Any CPU
	EndGlobalSection
	GlobalSection(SolutionProperties) = preSolution
		HideSolutionNode = FALSE
	EndGlobalSection
	GlobalSection(ExtensibilityGlobals) = postSolution
		SolutionGuid = {EB2C018A-980D-456D-BBE4-91681773ADE2}
	EndGlobalSection
EndGlobal
